
Microsoft Visual Studio Solution File, Format Version 11.00
# Visual Studio 2010
Project("{FAE04EC0-301F-11D3-BF4B-00C04F79EFBC}") = "Assembly-CSharp", "Assembly-CSharp.csproj", "{17b974e6-af8b-5b40-f6d1-ea9f9874aebb}"
EndProject
Project("{FAE04EC0-301F-11D3-BF4B-00C04F79EFBC}") = "PoseEditor", "PoseEditor.csproj", "{6fd6fd20-a066-5750-2fd0-d76e8aec577d}"
EndProject
Project("{FAE04EC0-301F-11D3-BF4B-00C04F79EFBC}") = "UMotionSourceApplication", "UMotionSourceApplication.csproj", "{5945a2bf-9d67-6800-50cd-c468ba5b348c}"
EndProject
Project("{FAE04EC0-301F-11D3-BF4B-00C04F79EFBC}") = "UMotionSourceEditor", "UMotionSourceEditor.csproj", "{84f68abc-d2f1-cb83-9491-383da396d874}"
EndProject
Global
	GlobalSection(SolutionConfigurationPlatforms) = preSolution
		Debug|Any CPU = Debug|Any CPU
	EndGlobalSection
	GlobalSection(ProjectConfigurationPlatforms) = postSolution
		{17b974e6-af8b-5b40-f6d1-ea9f9874aebb}.Debug|Any CPU.ActiveCfg = Debug|Any CPU
		{17b974e6-af8b-5b40-f6d1-ea9f9874aebb}.Debug|Any CPU.Build.0 = Debug|Any CPU
		{6fd6fd20-a066-5750-2fd0-d76e8aec577d}.Debug|Any CPU.ActiveCfg = Debug|Any CPU
		{6fd6fd20-a066-5750-2fd0-d76e8aec577d}.Debug|Any CPU.Build.0 = Debug|Any CPU
		{5945a2bf-9d67-6800-50cd-c468ba5b348c}.Debug|Any CPU.ActiveCfg = Debug|Any CPU
		{5945a2bf-9d67-6800-50cd-c468ba5b348c}.Debug|Any CPU.Build.0 = Debug|Any CPU
		{84f68abc-d2f1-cb83-9491-383da396d874}.Debug|Any CPU.ActiveCfg = Debug|Any CPU
		{84f68abc-d2f1-cb83-9491-383da396d874}.Debug|Any CPU.Build.0 = Debug|Any CPU
	EndGlobalSection
	GlobalSection(SolutionProperties) = preSolution
		HideSolutionNode = FALSE
	EndGlobalSection
EndGlobal
